{
  "nodes": {
    "arduino-esp32-index": {
      "flake": false,
      "locked": {
        "lastModified": 1791419531,
        "narHash": "sha256-0mqDyIgiZTuuOyQ4XIiSYLcvRMfkYmtYH/8BMDpvia8=",
        "owner": "espressif",
        "repo": "arduino-esp32",
        "rev": "e12ee4e61d3486d2d555469a09dc777311dea3aa",
        "type": "github"
      },
      "original": {
        "owner": "espressif",
        "ref": "gh-pages",
        "repo": "arduino-esp32",
        "type": "github"
      }
    },
    "arduino-index": {
      "flake": false,
      "locked": {
        "lastModified": 1791417737,
        "narHash": "sha256-8S7CppxYNb7r9mPuLyelxXqH2oQqBvsI2HsogX7KqsE=",
        "owner": "bouk",
        "repo": "arduino-indexes",
        "rev": "423921d5e6ede4ffb21ff69b005e31fb374a4901",
        "type": "github"
      },
      "original": {
        "owner": "bouk",
        "repo": "arduino-indexes",
        "type": "github"
      }
    },
    "arduino-nix": {
      "locked": {
        "lastModified": 1758613361,
        "narHash": "sha256-ulyRVe492In6I/jXhCYzLuPwoQqv+jhDLHUikK0jdh0=",
        "owner": "bouk",
        "repo": "arduino-nix",
        "rev": "cfa82ced5b5d9436edec9238cf493f6b2c643869",
        "type": "github"
      },
      "original": {
        "owner": "bouk",
        "repo": "arduino-nix",
        "type": "github"
      }
    },
    "esp32-bluepad32-index": {
      "flake": false,
      "locked": {
        "lastModified": 1735971909,
        "narHash": "sha256-CWB8ahDRQyCFZN9B4+I8RRh1lysxMK0h9OmvDxqOi2g=",
        "owner": "ricardoquesada",
        "repo": "esp32-arduino-lib-builder",
        "rev": "d1bbefedc549d6ad3a29048795a75fc2b8bfe7f9",
        "type": "github"
      },
      "original": {
        "owner": "ricardoquesada",
        "ref": "master",
        "repo": "esp32-arduino-lib-builder",
        "type": "github"
      }
    },
    "flake-compat": {
      "flake": false,
      "locked": {
        "lastModified": 1767039857,
        "narHash": "sha256-vNpUSpF5Nuw8xvDLj2KCwwksIbjua2LZCqhV1LNRDns=",
        "owner": "NixOS",
        "repo": "flake-compat",
        "rev": "5edf11c44bc78a0d334f6334cdaf7d60d732daab",
        "type": "github"
      },
      "original": {
        "owner": "NixOS",
        "repo": "flake-compat",
        "type": "github"
      }
    },
    "flake-utils": {
      "inputs": {
        "systems": "systems"
      },
      "locked": {
        "lastModified": 1731533236,
        "narHash": "sha256-l0KFg5HjrsfsO/JpG+r7fRrqm12kzFHyUHqHCVpMMbI=",
        "owner": "numtide",
        "repo": "flake-utils",
        "rev": "11707dc2f618dd54ca8739b309ec4fc024de578b",
        "type": "github"
      },
      "original": {
        "owner": "numtide",
        "repo": "flake-utils",
        "type": "github"
      }
    },
    "nixpkgs": {
      "locked": {
        "lastModified": 1791366222,
        "narHash": "sha256-o0N4g6uSOIppU7CGToNvGlMf5vC+B6O6ukFHKY/TKOY=",
        "owner": "NixOS",
        "repo": "nixpkgs",
        "rev": "39ad350a0602fa0a58a544344e3e9187526ea45c",
        "type": "github"
      },
      "original": {
        "owner": "NixOS",
        "ref": "nixpkgs-unstable",
        "repo": "nixpkgs",
        "type": "github"
      }
    },
    "pre-commit-hooks": {
      "inputs": {
        "flake-compat": "flake-compat",
        "nixpkgs": [
          "nixpkgs"
        ]
      },
      "locked": {
        "lastModified": 1790500375,
        "narHash": "sha256-XN3sDtn8TU9hAc9xqZ+SqRB/HHm2wjxM6aSWYLJU+oo=",
        "owner": "cachix",
        "repo": "git-hooks.nix",
        "rev": "a0e4241b51206fbcbf52fd322eb5f0cd80f153c4",
        "type": "github"
      },
      "original": {
        "owner": "cachix",
        "repo": "git-hooks.nix",
        "type": "github"
      }
    },
    "root": {
      "inputs": {
        "arduino-esp32-index": "arduino-esp32-index",
        "arduino-index": "arduino-index",
        "arduino-nix": "arduino-nix",
        "esp32-bluepad32-index": "esp32-bluepad32-index",
        "flake-utils": "flake-utils",
        "nixpkgs": "nixpkgs",
        "pre-commit-hooks": "pre-commit-hooks",
        "treefmt-nix": "treefmt-nix"
      }
    },
    "systems": {
      "locked": {
        "lastModified": 1681028828,
        "narHash": "sha256-Vy1rq5AaRuLzOxct8nz4T6wlgyUR7zLU309k9mBC768=",
        "owner": "nix-systems",
        "repo": "default",
        "rev": "da67096a3b9bf56a91d16901293e51ba5b49a27e",
        "type": "github"
      },
      "original": {
        "owner": "nix-systems",
        "repo": "default",
        "type": "github"
      }
    },
    "treefmt-nix": {
      "inputs": {
        "nixpkgs": [
          "nixpkgs"
        ]
      },
      "locked": {
        "lastModified": 1791474985,
        "narHash": "sha256-nfQLQPbfB7ody6DY/qPg/rprpVhXVM+9dav+m/rUiRM=",
        "owner": "numtide",
        "repo": "treefmt-nix",
        "rev": "2108ed809134967affc3f6ef203967c13af05a5f",
        "type": "github"
      },
      "original": {
        "owner": "numtide",
        "repo": "treefmt-nix",
        "type": "github"
      }
    }
  },
  "root": "root",
  "version": 7
}
