{
  "nodes": {
    "arduino-esp32-index": {
      "flake": false,
      "locked": {
        "lastModified": 1771549925,
        "narHash": "sha256-AWRTYgKIDUtq+4XE3mChRVFsmuu7lzA92H6YyPlnKL8=",
        "owner": "espressif",
        "repo": "arduino-esp32",
        "rev": "c6a711f95b60a9b731a988948c607ba46a9bfc0c",
        "type": "github"
      },
      "original": {
        "owner": "espressif",
        "ref": "gh-pages",
        "repo": "arduino-esp32",
        "type": "github"
      }
    },
    "arduino-index": {
      "flake": false,
      "locked": {
        "lastModified": 1771545816,
        "narHash": "sha256-1QBN4IYL4q6y19dNM8buhu++7B7c5rYc8HtsB1IWdD0=",
        "owner": "bouk",
        "repo": "arduino-indexes",
        "rev": "f2a743f82f4cab77273f7f85e9757980e785fbba",
        "type": "github"
      },
      "original": {
        "owner": "bouk",
        "repo": "arduino-indexes",
        "type": "github"
      }
    },
    "arduino-nix": {
      "locked": {
        "lastModified": 1758613361,
        "narHash": "sha256-ulyRVe492In6I/jXhCYzLuPwoQqv+jhDLHUikK0jdh0=",
        "owner": "bouk",
        "repo": "arduino-nix",
        "rev": "cfa82ced5b5d9436edec9238cf493f6b2c643869",
        "type": "github"
      },
      "original": {
        "owner": "bouk",
        "repo": "arduino-nix",
        "type": "github"
      }
    },
    "esp32-bluepad32-index": {
      "flake": false,
      "locked": {
        "lastModified": 1735971909,
        "narHash": "sha256-CWB8ahDRQyCFZN9B4+I8RRh1lysxMK0h9OmvDxqOi2g=",
        "owner": "ricardoquesada",
        "repo": "esp32-arduino-lib-builder",
        "rev": "d1bbefedc549d6ad3a29048795a75fc2b8bfe7f9",
        "type": "github"
      },
      "original": {
        "owner": "ricardoquesada",
        "ref": "master",
        "repo": "esp32-arduino-lib-builder",
        "type": "github"
      }
    },
    "flake-compat": {
      "flake": false,
      "locked": {
        "lastModified": 1767039857,
        "narHash": "sha256-vNpUSpF5Nuw8xvDLj2KCwwksIbjua2LZCqhV1LNRDns=",
        "owner": "NixOS",
        "repo": "flake-compat",
        "rev": "5edf11c44bc78a0d334f6334cdaf7d60d732daab",
        "type": "github"
      },
      "original": {
        "owner": "NixOS",
        "repo": "flake-compat",
        "type": "github"
      }
    },
    "flake-utils": {
      "inputs": {
        "systems": "systems"
      },
      "locked": {
        "lastModified": 1731533236,
        "narHash": "sha256-l0KFg5HjrsfsO/JpG+r7fRrqm12kzFHyUHqHCVpMMbI=",
        "owner": "numtide",
        "repo": "flake-utils",
        "rev": "11707dc2f618dd54ca8739b309ec4fc024de578b",
        "type": "github"
      },
      "original": {
        "owner": "numtide",
        "repo": "flake-utils",
        "type": "github"
      }
    },
    "nixpkgs": {
      "locked": {
        "lastModified": 1771207753,
        "narHash": "sha256-b9uG8yN50DRQ6A7JdZBfzq718ryYrlmGgqkRm9OOwCE=",
        "owner": "NixOS",
        "repo": "nixpkgs",
        "rev": "d1c15b7d5806069da59e819999d70e1cec0760bf",
        "type": "github"
      },
      "original": {
        "owner": "NixOS",
        "ref": "nixpkgs-unstable",
        "repo": "nixpkgs",
        "type": "github"
      }
    },
    "pre-commit-hooks": {
      "inputs": {
        "flake-compat": "flake-compat",
        "nixpkgs": [
          "nixpkgs"
        ]
      },
      "locked": {
        "lastModified": 1787424939,
        "narHash": "sha256-O2tBn84NNuHrnqNVxx/XqsXwfYvS1YwBh+7CBnbCYsk=",
        "owner": "cachix",
        "repo": "git-hooks.nix",
        "rev": "809414f0cdadf82cf11b06c2b29ba9b3168b3297",
        "type": "github"
      },
      "original": {
        "owner": "cachix",
        "repo": "git-hooks.nix",
        "type": "github"
      }
    },
    "root": {
      "inputs": {
        "arduino-esp32-index": "arduino-esp32-index",
        "arduino-index": "arduino-index",
        "arduino-nix": "arduino-nix",
        "esp32-bluepad32-index": "esp32-bluepad32-index",
        "flake-utils": "flake-utils",
        "nixpkgs": "nixpkgs",
        "pre-commit-hooks": "pre-commit-hooks",
        "treefmt-nix": "treefmt-nix"
      }
    },
    "systems": {
      "locked": {
        "lastModified": 1681028828,
        "narHash": "sha256-Vy1rq5AaRuLzOxct8nz4T6wlgyUR7zLU309k9mBC768=",
        "owner": "nix-systems",
        "repo": "default",
        "rev": "da67096a3b9bf56a91d16901293e51ba5b49a27e",
        "type": "github"
      },
      "original": {
        "owner": "nix-systems",
        "repo": "default",
        "type": "github"
      }
    },
    "treefmt-nix": {
      "inputs": {
        "nixpkgs": [
          "nixpkgs"
        ]
      },
      "locked": {
        "lastModified": 1786901030,
        "narHash": "sha256-WSFCsDSE5ffgD2MqzkM2CYjeFiKhRF/dJUN8uedb6YE=",
        "owner": "numtide",
        "repo": "treefmt-nix",
        "rev": "27b3b12a8e6375f28ebe122f07d230ca5459bbfa",
        "type": "github"
      },
      "original": {
        "owner": "numtide",
        "repo": "treefmt-nix",
        "type": "github"
      }
    }
  },
  "root": "root",
  "version": 7
}
